<?xml version="1.0" encoding="utf-8"?>
<Project ToolsVersion="4.0" xmlns="http://schemas.microsoft.com/developer/msbuild/2003">
  <ItemGroup>
    <Filter Include="Source Files">
      <UniqueIdentifier>{4FC737F1-C7A5-4376-A066-2A32D752A2FF}</UniqueIdentifier>
      <Extensions>cpp;c;cc;cxx;c++;cppm;ixx;def;odl;idl;hpj;bat;asm;asmx</Extensions>
    </Filter>
    <Filter Include="Header Files">
      <UniqueIdentifier>{93995380-89BD-4b04-88EB-625FBE52EBFB}</UniqueIdentifier>
      <Extensions>h;hh;hpp;hxx;h++;hm;inl;inc;ipp;xsd</Extensions>
    </Filter>
    <Filter Include="Resource Files">
      <UniqueIdentifier>{67DA6AB6-F800-4c08-8B7A-83BB121AAD01}</UniqueIdentifier>
      <Extensions>rc;ico;cur;bmp;dlg;rc2;rct;bin;rgs;gif;jpg;jpeg;jpe;resx;tiff;tif;png;wav;mfcribbon-ms</Extensions>
    </Filter>
  </ItemGroup>
  <ItemGroup>
    <ClInclude Include="app.h">
      <Filter>Header Files</Filter>
    </ClInclude>
    <ClInclude Include="canvas.h">
      <Filter>Header Files</Filter>
    </ClInclude>
    <ClInclude Include="tools_widget.h">
      <Filter>Header Files</Filter>
    </ClInclude>
    <ClInclude Include="tool_manager.h">
      <Filter>Header Files</Filter>
    </ClInclude>
    <ClInclude Include="tools\brush.h">
      <Filter>Header Files</Filter>
    </ClInclude>
    <ClInclude Include="tool.h">
      <Filter>Header Files</Filter>
    </ClInclude>
    <ClInclude Include="tools\eraser.h">
      <Filter>Header Files</Filter>
    </ClInclude>
    <ClInclude Include="tools\picker.h">
      <Filter>Header Files</Filter>
    </ClInclude>
    <ClInclude Include="layer.h">
      <Filter>Header Files</Filter>
    </ClInclude>
    <ClInclude Include="physics\borders.h">
      <Filter>Header Files</Filter>
    </ClInclude>
    <ClInclude Include="physics\manager.h">
      <Filter>Header Files</Filter>
    </ClInclude>
    <ClInclude Include="physics\molecule.h">
      <Filter>Header Files</Filter>
    </ClInclude>
    <ClInclude Include="physics\components\chemistry.h">
      <Filter>Header Files</Filter>
    </ClInclude>
    <ClInclude Include="physics\components\component.h">
      <Filter>Header Files</Filter>
    </ClInclude>
    <ClInclude Include="physics\components\physics.h">
      <Filter>Header Files</Filter>
    </ClInclude>
    <ClInclude Include="physics\components\render.h">
      <Filter>Header Files</Filter>
    </ClInclude>
    <ClInclude Include="physics\widget.h">
      <Filter>Header Files</Filter>
    </ClInclude>
    <ClInclude Include="spline.h">
      <Filter>Header Files</Filter>
    </ClInclude>
    <ClInclude Include="tools\invert_eff.h">
      <Filter>Header Files</Filter>
    </ClInclude>
  </ItemGroup>
  <ItemGroup>
    <ClCompile Include="app.cpp">
      <Filter>Source Files</Filter>
    </ClCompile>
    <ClCompile Include="canvas.cpp">
      <Filter>Source Files</Filter>
    </ClCompile>
    <ClCompile Include="tools_widget.cpp">
      <Filter>Source Files</Filter>
    </ClCompile>
    <ClCompile Include="tool_manager.cpp">
      <Filter>Source Files</Filter>
    </ClCompile>
    <ClCompile Include="tools\brush.cpp">
      <Filter>Source Files</Filter>
    </ClCompile>
    <ClCompile Include="tool.cpp">
      <Filter>Source Files</Filter>
    </ClCompile>
    <ClCompile Include="tools\eraser.cpp">
      <Filter>Source Files</Filter>
    </ClCompile>
    <ClCompile Include="tools\picker.cpp">
      <Filter>Source Files</Filter>
    </ClCompile>
    <ClCompile Include="layer.cpp">
      <Filter>Source Files</Filter>
    </ClCompile>
    <ClCompile Include="physics\borders.cpp">
      <Filter>Source Files</Filter>
    </ClCompile>
    <ClCompile Include="physics\manager.cpp">
      <Filter>Source Files</Filter>
    </ClCompile>
    <ClCompile Include="physics\molecule.cpp">
      <Filter>Source Files</Filter>
    </ClCompile>
    <ClCompile Include="physics\components\chemistry.cpp">
      <Filter>Source Files</Filter>
    </ClCompile>
    <ClCompile Include="physics\components\component.cpp">
      <Filter>Source Files</Filter>
    </ClCompile>
    <ClCompile Include="physics\components\physics.cpp">
      <Filter>Source Files</Filter>
    </ClCompile>
    <ClCompile Include="physics\components\render.cpp">
      <Filter>Source Files</Filter>
    </ClCompile>
    <ClCompile Include="physics\widget.cpp">
      <Filter>Source Files</Filter>
    </ClCompile>
    <ClCompile Include="spline.cpp">
      <Filter>Source Files</Filter>
    </ClCompile>
    <ClCompile Include="tools\invert_eff.cpp">
      <Filter>Source Files</Filter>
    </ClCompile>
  </ItemGroup>
  <ItemGroup>
    <None Include="resources\default.style" />
    <None Include="cpp.hint" />
  </ItemGroup>
</Project>