<?xml version="1.0" encoding="UTF-8" standalone="yes" ?>
<CodeBlocks_project_file>
	<FileVersion major="1" minor="6" />
	<Project>
		<Option title="Raycaster" />
		<Option pch_mode="2" />
		<Option compiler="gcc" />
		<Build>
			<Target title="Debug">
				<Option output="build/dbg/bin/Raycaster" prefix_auto="1" extension_auto="1" />
				<Option object_output="build/dbg/obj/" />
				<Option type="1" />
				<Option compiler="gcc" />
				<Compiler>
					<Add option="-g" />
				</Compiler>
			</Target>
			<Target title="Release">
				<Option output="build/bin/Raycaster" prefix_auto="1" extension_auto="1" />
				<Option object_output="build/obj/" />
				<Option type="1" />
				<Option compiler="gcc" />
				<Compiler>
					<Add option="-O2" />
				</Compiler>
				<Linker>
					<Add option="-s" />
				</Linker>
			</Target>
		</Build>
		<Compiler>
			<Add option="-Wall" />
			<Add directory="../ACL/include" />
		</Compiler>
		<Linker>
			<Add directory="../ACL/build/lib" />
		</Linker>
		<Unit filename="color.cpp" />
		<Unit filename="color.h" />
		<Unit filename="main.cpp" />
		<Unit filename="raycaster.cpp" />
		<Unit filename="raycaster.h" />
		<Extensions>
			<lib_finder disable_auto="1" />
		</Extensions>
	</Project>
</CodeBlocks_project_file>
