<?xml version="1.0" encoding="UTF-8" standalone="yes" ?>
<CodeBlocks_project_file>
	<FileVersion major="1" minor="6" />
	<Project>
		<Option title="Physics" />
		<Option pch_mode="2" />
		<Option compiler="gcc" />
		<Build>
			<Target title="Debug">
				<Option output="build/txlib/dbg/bin/Physics" prefix_auto="1" extension_auto="1" />
				<Option object_output="build/txlib/dbg/obj/" />
				<Option type="1" />
				<Option compiler="gcc" />
				<Compiler>
					<Add option="-g" />
				</Compiler>
			</Target>
			<Target title="Release">
				<Option output="build/txlib/bin/Physics" prefix_auto="1" extension_auto="1" />
				<Option object_output="build/txlib/obj/" />
				<Option type="1" />
				<Option compiler="gcc" />
				<Compiler>
					<Add option="-O2" />
				</Compiler>
				<Linker>
					<Add option="-s" />
				</Linker>
			</Target>
		</Build>
		<Compiler>
			<Add option="-Wall" />
			<Add option="-m64" />
			<Add directory="../ACL/include" />
			<Add directory="../AGF/include" />
		</Compiler>
		<Linker>
			<Add option="-m64" />
			<Add library="ACL" />
			<Add library="AGF" />
			<Add directory="../ACL/build/lib64" />
			<Add directory="../AGF/build/lib64" />
		</Linker>
		<Unit filename="borders.cpp" />
		<Unit filename="borders.h" />
		<Unit filename="components/chemistry.cpp" />
		<Unit filename="components/chemistry.h" />
		<Unit filename="components/component.cpp" />
		<Unit filename="components/component.h" />
		<Unit filename="components/physics.cpp" />
		<Unit filename="components/physics.h" />
		<Unit filename="components/render.cpp" />
		<Unit filename="components/render.h" />
		<Unit filename="main.cpp" />
		<Unit filename="manager.cpp" />
		<Unit filename="manager.h" />
		<Unit filename="molecule.cpp" />
		<Unit filename="molecule.h" />
		<Extensions>
			<lib_finder disable_auto="1" />
		</Extensions>
	</Project>
</CodeBlocks_project_file>
