<?xml version="1.0" encoding="UTF-8" standalone="yes" ?>
<CodeBlocks_project_file>
	<FileVersion major="1" minor="6" />
	<Project>
		<Option title="AGF" />
		<Option pch_mode="2" />
		<Option compiler="gcc" />
		<Build>
			<Target title="x64">
				<Option output="build/lib64/AGF" prefix_auto="1" extension_auto="1" />
				<Option working_dir="" />
				<Option object_output="build/obj64/" />
				<Option type="2" />
				<Option compiler="gcc" />
				<Compiler>
					<Add option="-m64" />
				</Compiler>
				<Linker>
					<Add option="-m64" />
					<Add directory="../ACL/build/lib64" />
				</Linker>
			</Target>
			<Target title="x32">
				<Option output="build/lib32/AGF" prefix_auto="1" extension_auto="1" />
				<Option working_dir="" />
				<Option object_output="build/obj32/" />
				<Option type="2" />
				<Option compiler="gcc" />
				<Compiler>
					<Add option="-m32" />
				</Compiler>
				<Linker>
					<Add option="-m32" />
					<Add directory="../ACL/build/lib32" />
				</Linker>
			</Target>
		</Build>
		<VirtualTargets>
			<Add alias="All" targets="x64;x32;" />
		</VirtualTargets>
		<Compiler>
			<Add option="-O2" />
			<Add option="-Wall" />
			<Add directory="include" />
			<Add directory="../ACL/include" />
		</Compiler>
		<Unit filename="include/AGF/application.h" />
		<Unit filename="include/AGF/events.dsl.h" />
		<Unit filename="include/AGF/events.h" />
		<Unit filename="include/AGF/impl/llgui_txlib.h" />
		<Unit filename="include/AGF/llgui.h" />
		<Unit filename="include/AGF/llgui_pre.h" />
		<Unit filename="include/AGF/mouse.h" />
		<Unit filename="include/AGF/widget.h" />
		<Unit filename="include/AGF/widget_event.h" />
		<Unit filename="include/AGF/widget_pos.h" />
		<Unit filename="include/AGF/widgets/button.h" />
		<Unit filename="include/AGF/widgets/group.h" />
		<Unit filename="include/AGF/widgets/label.h" />
		<Unit filename="include/AGF/widgets/rectangle.h" />
		<Unit filename="src/application.cpp" />
		<Unit filename="src/llgui_txlib.cpp" />
		<Unit filename="src/main.cpp" />
		<Unit filename="src/widget.cpp" />
		<Unit filename="src/widgets/button.cpp" />
		<Unit filename="src/widgets/label.cpp" />
		<Unit filename="src/widgets/rectangle.cpp" />
		<Extensions>
			<lib_finder disable_auto="1" />
		</Extensions>
	</Project>
</CodeBlocks_project_file>
