<?xml version="1.0" encoding="utf-8"?>
<Project ToolsVersion="4.0" xmlns="http://schemas.microsoft.com/developer/msbuild/2003">
  <ItemGroup>
    <Filter Include="Source Files">
      <UniqueIdentifier>{4FC737F1-C7A5-4376-A066-2A32D752A2FF}</UniqueIdentifier>
      <Extensions>cpp;c;cc;cxx;c++;cppm;ixx;def;odl;idl;hpj;bat;asm;asmx</Extensions>
    </Filter>
    <Filter Include="Header Files">
      <UniqueIdentifier>{93995380-89BD-4b04-88EB-625FBE52EBFB}</UniqueIdentifier>
      <Extensions>h;hh;hpp;hxx;h++;hm;inl;inc;ipp;xsd</Extensions>
    </Filter>
    <Filter Include="Resource Files">
      <UniqueIdentifier>{67DA6AB6-F800-4c08-8B7A-83BB121AAD01}</UniqueIdentifier>
      <Extensions>rc;ico;cur;bmp;dlg;rc2;rct;bin;rgs;gif;jpg;jpeg;jpe;resx;tiff;tif;png;wav;mfcribbon-ms</Extensions>
    </Filter>
  </ItemGroup>
  <ItemGroup>
    <ClCompile Include="src\debug.cpp">
      <Filter>Source Files</Filter>
    </ClCompile>
    <ClCompile Include="src\general.cpp">
      <Filter>Source Files</Filter>
    </ClCompile>
    <ClCompile Include="src\log.cpp">
      <Filter>Source Files</Filter>
    </ClCompile>
  </ItemGroup>
  <ItemGroup>
    <ClInclude Include="include\ACL\debug.h">
      <Filter>Header Files</Filter>
    </ClInclude>
    <ClInclude Include="include\ACL\general.h">
      <Filter>Header Files</Filter>
    </ClInclude>
    <ClInclude Include="include\ACL\gui\color.h">
      <Filter>Header Files</Filter>
    </ClInclude>
    <ClInclude Include="include\ACL\gui\coords.h">
      <Filter>Header Files</Filter>
    </ClInclude>
    <ClInclude Include="include\ACL\gui\rect.h">
      <Filter>Header Files</Filter>
    </ClInclude>
    <ClInclude Include="include\ACL\list.h">
      <Filter>Header Files</Filter>
    </ClInclude>
    <ClInclude Include="include\ACL\log.h">
      <Filter>Header Files</Filter>
    </ClInclude>
    <ClInclude Include="include\ACL\math\binpow.h">
      <Filter>Header Files</Filter>
    </ClInclude>
    <ClInclude Include="include\ACL\math\cmath.h">
      <Filter>Header Files</Filter>
    </ClInclude>
    <ClInclude Include="include\ACL\math\getneutral.h">
      <Filter>Header Files</Filter>
    </ClInclude>
    <ClInclude Include="include\ACL\math\matrix.h">
      <Filter>Header Files</Filter>
    </ClInclude>
    <ClInclude Include="include\ACL\math\vector.h">
      <Filter>Header Files</Filter>
    </ClInclude>
    <ClInclude Include="include\ACL\signal.h">
      <Filter>Header Files</Filter>
    </ClInclude>
    <ClInclude Include="include\ACL\template_trinkets.h">
      <Filter>Header Files</Filter>
    </ClInclude>
    <ClInclude Include="include\ACL\type_traits.h">
      <Filter>Header Files</Filter>
    </ClInclude>
    <ClInclude Include="include\ACL\unique_ptr.h">
      <Filter>Header Files</Filter>
    </ClInclude>
    <ClInclude Include="include\ACL\vector.h">
      <Filter>Header Files</Filter>
    </ClInclude>
    <ClInclude Include="include\ACL\list_iterator.tpl.h">
      <Filter>Header Files</Filter>
    </ClInclude>
    <ClInclude Include="include\ACL\math\vector.tpl.h">
      <Filter>Header Files</Filter>
    </ClInclude>
    <ClInclude Include="include\ACL\signal.tpl.h">
      <Filter>Header Files</Filter>
    </ClInclude>
  </ItemGroup>
</Project>